
Microsoft Visual Studio Solution File, Format Version 12.00
# Visual Studio Version 17
VisualStudioVersion = 17.13.35931.197 d17.13
MinimumVisualStudioVersion = 10.0.40219.1
Project("{FAE04EC0-301F-11D3-BF4B-00C04F79EFBC}") = "ChessLibrary", "ChessLibrary\ChessLibrary.csproj", "{CCC3FFAA-7223-48AF-9681-E0FAD8BCAE34}"
EndProject
Project("{FAE04EC0-301F-11D3-BF4B-00C04F79EFBC}") = "ChessTest", "ChessTest\ChessTest.csproj", "{80418FB8-BEB1-4D9C-A674-D043008D10CA}"
EndProject
Global
	GlobalSection(SolutionConfigurationPlatforms) = preSolution
		Debug|Any CPU = Debug|Any CPU
		Release|Any CPU = Release|Any CPU
	EndGlobalSection
	GlobalSection(ProjectConfigurationPlatforms) = postSolution
		{CCC3FFAA-7223-48AF-9681-E0FAD8BCAE34}.Debug|Any CPU.ActiveCfg = Debug|Any CPU
		{CCC3FFAA-7223-48AF-9681-E0FAD8BCAE34}.Debug|Any CPU.Build.0 = Debug|Any CPU
		{CCC3FFAA-7223-48AF-9681-E0FAD8BCAE34}.Release|Any CPU.ActiveCfg = Release|Any CPU
		{CCC3FFAA-7223-48AF-9681-E0FAD8BCAE34}.Release|Any CPU.Build.0 = Release|Any CPU
		{80418FB8-BEB1-4D9C-A674-D043008D10CA}.Debug|Any CPU.ActiveCfg = Debug|Any CPU
		{80418FB8-BEB1-4D9C-A674-D043008D10CA}.Debug|Any CPU.Build.0 = Debug|Any CPU
		{80418FB8-BEB1-4D9C-A674-D043008D10CA}.Release|Any CPU.ActiveCfg = Release|Any CPU
		{80418FB8-BEB1-4D9C-A674-D043008D10CA}.Release|Any CPU.Build.0 = Release|Any CPU
	EndGlobalSection
	GlobalSection(SolutionProperties) = preSolution
		HideSolutionNode = FALSE
	EndGlobalSection
	GlobalSection(ExtensibilityGlobals) = postSolution
		SolutionGuid = {F8E03417-10A2-4D32-992A-0DB2FB5E6961}
	EndGlobalSection
EndGlobal
