
Microsoft Visual Studio Solution File, Format Version 12.00
# Visual Studio Version 17
VisualStudioVersion = 17.13.35931.197
MinimumVisualStudioVersion = 10.0.40219.1
Project("{FAE04EC0-301F-11D3-BF4B-00C04F79EFBC}") = "ChessLibrary", "ChessBusinessLogic\ChessLibrary.csproj", "{9D8B4993-82E6-78ED-87E9-048FA98C875D}"
EndProject
Project("{FAE04EC0-301F-11D3-BF4B-00C04F79EFBC}") = "ChessTest", "ChessTesting\ChessTest.csproj", "{4CA08786-A0D9-1F96-17B8-DE41DD36BB89}"
EndProject
Global
	GlobalSection(SolutionConfigurationPlatforms) = preSolution
		Debug|Any CPU = Debug|Any CPU
		Release|Any CPU = Release|Any CPU
	EndGlobalSection
	GlobalSection(ProjectConfigurationPlatforms) = postSolution
		{9D8B4993-82E6-78ED-87E9-048FA98C875D}.Debug|Any CPU.ActiveCfg = Debug|Any CPU
		{9D8B4993-82E6-78ED-87E9-048FA98C875D}.Debug|Any CPU.Build.0 = Debug|Any CPU
		{9D8B4993-82E6-78ED-87E9-048FA98C875D}.Release|Any CPU.ActiveCfg = Release|Any CPU
		{9D8B4993-82E6-78ED-87E9-048FA98C875D}.Release|Any CPU.Build.0 = Release|Any CPU
		{4CA08786-A0D9-1F96-17B8-DE41DD36BB89}.Debug|Any CPU.ActiveCfg = Debug|Any CPU
		{4CA08786-A0D9-1F96-17B8-DE41DD36BB89}.Debug|Any CPU.Build.0 = Debug|Any CPU
		{4CA08786-A0D9-1F96-17B8-DE41DD36BB89}.Release|Any CPU.ActiveCfg = Release|Any CPU
		{4CA08786-A0D9-1F96-17B8-DE41DD36BB89}.Release|Any CPU.Build.0 = Release|Any CPU
	EndGlobalSection
	GlobalSection(SolutionProperties) = preSolution
		HideSolutionNode = FALSE
	EndGlobalSection
	GlobalSection(ExtensibilityGlobals) = postSolution
		SolutionGuid = {F8E03417-10A2-4D32-992A-0DB2FB5E6961}
	EndGlobalSection
EndGlobal
